
Microsoft Visual Studio Solution File, Format Version 12.00
# Visual Studio Version 17
VisualStudioVersion = 17.2.32616.157
MinimumVisualStudioVersion = 10.0.40219.1
Project("{FAE04EC0-301F-11D3-BF4B-00C04F79EFBC}") = "MessageQueue", "MessageQueue\MessageQueue.csproj", "{307116DB-BA6F-44ED-AFB3-3FFD72D453FA}"
EndProject
Project("{FAE04EC0-301F-11D3-BF4B-00C04F79EFBC}") = "DataStructures", "DataStructures\DataStructures.csproj", "{ED156690-C9CF-436D-9F9E-A35D306BDC1C}"
EndProject
Project("{FAE04EC0-301F-11D3-BF4B-00C04F79EFBC}") = "Logic", "Logic\Logic.csproj", "{012EA348-4476-460D-83FC-00B1457C12A5}"
EndProject
Global
	GlobalSection(SolutionConfigurationPlatforms) = preSolution
		Debug|Any CPU = Debug|Any CPU
		Release|Any CPU = Release|Any CPU
	EndGlobalSection
	GlobalSection(ProjectConfigurationPlatforms) = postSolution
		{307116DB-BA6F-44ED-AFB3-3FFD72D453FA}.Debug|Any CPU.ActiveCfg = Debug|Any CPU
		{307116DB-BA6F-44ED-AFB3-3FFD72D453FA}.Debug|Any CPU.Build.0 = Debug|Any CPU
		{307116DB-BA6F-44ED-AFB3-3FFD72D453FA}.Release|Any CPU.ActiveCfg = Release|Any CPU
		{307116DB-BA6F-44ED-AFB3-3FFD72D453FA}.Release|Any CPU.Build.0 = Release|Any CPU
		{ED156690-C9CF-436D-9F9E-A35D306BDC1C}.Debug|Any CPU.ActiveCfg = Debug|Any CPU
		{ED156690-C9CF-436D-9F9E-A35D306BDC1C}.Debug|Any CPU.Build.0 = Debug|Any CPU
		{ED156690-C9CF-436D-9F9E-A35D306BDC1C}.Release|Any CPU.ActiveCfg = Release|Any CPU
		{ED156690-C9CF-436D-9F9E-A35D306BDC1C}.Release|Any CPU.Build.0 = Release|Any CPU
		{012EA348-4476-460D-83FC-00B1457C12A5}.Debug|Any CPU.ActiveCfg = Debug|Any CPU
		{012EA348-4476-460D-83FC-00B1457C12A5}.Debug|Any CPU.Build.0 = Debug|Any CPU
		{012EA348-4476-460D-83FC-00B1457C12A5}.Release|Any CPU.ActiveCfg = Release|Any CPU
		{012EA348-4476-460D-83FC-00B1457C12A5}.Release|Any CPU.Build.0 = Release|Any CPU
	EndGlobalSection
	GlobalSection(SolutionProperties) = preSolution
		HideSolutionNode = FALSE
	EndGlobalSection
	GlobalSection(ExtensibilityGlobals) = postSolution
		SolutionGuid = {74441981-DCB7-49E9-8120-F0CFD7161B6A}
	EndGlobalSection
EndGlobal
