
Microsoft Visual Studio Solution File, Format Version 12.00
# Visual Studio Version 17
VisualStudioVersion = 17.2.32616.157
MinimumVisualStudioVersion = 10.0.40219.1
Project("{9A19103F-16F7-4668-BE54-9A1E7A4F7556}") = "SelaPetShop.Client", "SelaPetShop.Client\SelaPetShop.Client.csproj", "{BD6BAF07-0A9E-403E-B997-31CE4FF653B6}"
EndProject
Project("{9A19103F-16F7-4668-BE54-9A1E7A4F7556}") = "SelaPetShop.Data", "SelaPetShop.Data\SelaPetShop.Data.csproj", "{16CA2B96-D18C-4C72-989C-6AE13566F854}"
EndProject
Project("{9A19103F-16F7-4668-BE54-9A1E7A4F7556}") = "SelaPetShop.Models", "SelaPetShop.Models\SelaPetShop.Models.csproj", "{C04FB4FF-4219-43CB-870D-AF13181AFE3C}"
EndProject
Project("{9A19103F-16F7-4668-BE54-9A1E7A4F7556}") = "SelaPetShop.Services", "SelaPetShop.Services\SelaPetShop.Services.csproj", "{7824C44A-DB16-48EB-BC11-D3B83E2C048F}"
EndProject
Project("{FAE04EC0-301F-11D3-BF4B-00C04F79EFBC}") = "SelaPetShop.UnitTests", "SelaPetShop.UnitTests\SelaPetShop.UnitTests.csproj", "{60A750F1-E326-4FC1-B1C9-46AA05E6892C}"
EndProject
Global
	GlobalSection(SolutionConfigurationPlatforms) = preSolution
		Debug|Any CPU = Debug|Any CPU
		Release|Any CPU = Release|Any CPU
	EndGlobalSection
	GlobalSection(ProjectConfigurationPlatforms) = postSolution
		{BD6BAF07-0A9E-403E-B997-31CE4FF653B6}.Debug|Any CPU.ActiveCfg = Debug|Any CPU
		{BD6BAF07-0A9E-403E-B997-31CE4FF653B6}.Debug|Any CPU.Build.0 = Debug|Any CPU
		{BD6BAF07-0A9E-403E-B997-31CE4FF653B6}.Release|Any CPU.ActiveCfg = Release|Any CPU
		{BD6BAF07-0A9E-403E-B997-31CE4FF653B6}.Release|Any CPU.Build.0 = Release|Any CPU
		{16CA2B96-D18C-4C72-989C-6AE13566F854}.Debug|Any CPU.ActiveCfg = Debug|Any CPU
		{16CA2B96-D18C-4C72-989C-6AE13566F854}.Debug|Any CPU.Build.0 = Debug|Any CPU
		{16CA2B96-D18C-4C72-989C-6AE13566F854}.Release|Any CPU.ActiveCfg = Release|Any CPU
		{16CA2B96-D18C-4C72-989C-6AE13566F854}.Release|Any CPU.Build.0 = Release|Any CPU
		{C04FB4FF-4219-43CB-870D-AF13181AFE3C}.Debug|Any CPU.ActiveCfg = Debug|Any CPU
		{C04FB4FF-4219-43CB-870D-AF13181AFE3C}.Debug|Any CPU.Build.0 = Debug|Any CPU
		{C04FB4FF-4219-43CB-870D-AF13181AFE3C}.Release|Any CPU.ActiveCfg = Release|Any CPU
		{C04FB4FF-4219-43CB-870D-AF13181AFE3C}.Release|Any CPU.Build.0 = Release|Any CPU
		{7824C44A-DB16-48EB-BC11-D3B83E2C048F}.Debug|Any CPU.ActiveCfg = Debug|Any CPU
		{7824C44A-DB16-48EB-BC11-D3B83E2C048F}.Debug|Any CPU.Build.0 = Debug|Any CPU
		{7824C44A-DB16-48EB-BC11-D3B83E2C048F}.Release|Any CPU.ActiveCfg = Release|Any CPU
		{7824C44A-DB16-48EB-BC11-D3B83E2C048F}.Release|Any CPU.Build.0 = Release|Any CPU
		{60A750F1-E326-4FC1-B1C9-46AA05E6892C}.Debug|Any CPU.ActiveCfg = Debug|Any CPU
		{60A750F1-E326-4FC1-B1C9-46AA05E6892C}.Debug|Any CPU.Build.0 = Debug|Any CPU
		{60A750F1-E326-4FC1-B1C9-46AA05E6892C}.Release|Any CPU.ActiveCfg = Release|Any CPU
		{60A750F1-E326-4FC1-B1C9-46AA05E6892C}.Release|Any CPU.Build.0 = Release|Any CPU
	EndGlobalSection
	GlobalSection(SolutionProperties) = preSolution
		HideSolutionNode = FALSE
	EndGlobalSection
	GlobalSection(ExtensibilityGlobals) = postSolution
		SolutionGuid = {61190E23-12DD-4675-A7BC-A51A6E94E86F}
	EndGlobalSection
EndGlobal
