
Microsoft Visual Studio Solution File, Format Version 12.00
# Visual Studio Version 17
VisualStudioVersion = 17.2.32616.157
MinimumVisualStudioVersion = 10.0.40219.1
Project("{FAE04EC0-301F-11D3-BF4B-00C04F79EFBC}") = "ASPLiron.Web1", "ASPLiron.Web1\ASPLiron.Web1.csproj", "{ABC83E17-FBD3-4D3E-9422-344D45E30591}"
EndProject
Global
	GlobalSection(SolutionConfigurationPlatforms) = preSolution
		Debug|Any CPU = Debug|Any CPU
		Release|Any CPU = Release|Any CPU
	EndGlobalSection
	GlobalSection(ProjectConfigurationPlatforms) = postSolution
		{ABC83E17-FBD3-4D3E-9422-344D45E30591}.Debug|Any CPU.ActiveCfg = Debug|Any CPU
		{ABC83E17-FBD3-4D3E-9422-344D45E30591}.Debug|Any CPU.Build.0 = Debug|Any CPU
		{ABC83E17-FBD3-4D3E-9422-344D45E30591}.Release|Any CPU.ActiveCfg = Release|Any CPU
		{ABC83E17-FBD3-4D3E-9422-344D45E30591}.Release|Any CPU.Build.0 = Release|Any CPU
	EndGlobalSection
	GlobalSection(SolutionProperties) = preSolution
		HideSolutionNode = FALSE
	EndGlobalSection
	GlobalSection(ExtensibilityGlobals) = postSolution
		SolutionGuid = {288AEF30-2518-4F0C-8A8B-914340A934C2}
	EndGlobalSection
EndGlobal
