
Microsoft Visual Studio Solution File, Format Version 12.00
# Visual Studio Version 17
VisualStudioVersion = 17.2.32602.215
MinimumVisualStudioVersion = 10.0.40219.1
Project("{FAE04EC0-301F-11D3-BF4B-00C04F79EFBC}") = "ConsoleUnitTests", "ConsoleUnitTests\ConsoleUnitTests.csproj", "{88714213-2E9A-43AB-B5EA-3A2EC8EFFA9E}"
EndProject
Global
	GlobalSection(SolutionConfigurationPlatforms) = preSolution
		Debug|Any CPU = Debug|Any CPU
		Release|Any CPU = Release|Any CPU
	EndGlobalSection
	GlobalSection(ProjectConfigurationPlatforms) = postSolution
		{88714213-2E9A-43AB-B5EA-3A2EC8EFFA9E}.Debug|Any CPU.ActiveCfg = Debug|Any CPU
		{88714213-2E9A-43AB-B5EA-3A2EC8EFFA9E}.Debug|Any CPU.Build.0 = Debug|Any CPU
		{88714213-2E9A-43AB-B5EA-3A2EC8EFFA9E}.Release|Any CPU.ActiveCfg = Release|Any CPU
		{88714213-2E9A-43AB-B5EA-3A2EC8EFFA9E}.Release|Any CPU.Build.0 = Release|Any CPU
	EndGlobalSection
	GlobalSection(SolutionProperties) = preSolution
		HideSolutionNode = FALSE
	EndGlobalSection
	GlobalSection(ExtensibilityGlobals) = postSolution
		SolutionGuid = {418065C9-CDC2-47C1-93AA-33B42CD5C269}
	EndGlobalSection
EndGlobal
