
Microsoft Visual Studio Solution File, Format Version 12.00
# Visual Studio Version 17
VisualStudioVersion = 17.2.32616.157
MinimumVisualStudioVersion = 10.0.40219.1
Project("{FAE04EC0-301F-11D3-BF4B-00C04F79EFBC}") = "DataStructures", "DataStructures.csproj", "{ADA8A146-007C-4FF7-88C5-97C93EB05199}"
EndProject
Global
	GlobalSection(SolutionConfigurationPlatforms) = preSolution
		Debug|Any CPU = Debug|Any CPU
		Release|Any CPU = Release|Any CPU
	EndGlobalSection
	GlobalSection(ProjectConfigurationPlatforms) = postSolution
		{ADA8A146-007C-4FF7-88C5-97C93EB05199}.Debug|Any CPU.ActiveCfg = Debug|Any CPU
		{ADA8A146-007C-4FF7-88C5-97C93EB05199}.Debug|Any CPU.Build.0 = Debug|Any CPU
		{ADA8A146-007C-4FF7-88C5-97C93EB05199}.Release|Any CPU.ActiveCfg = Release|Any CPU
		{ADA8A146-007C-4FF7-88C5-97C93EB05199}.Release|Any CPU.Build.0 = Release|Any CPU
	EndGlobalSection
	GlobalSection(SolutionProperties) = preSolution
		HideSolutionNode = FALSE
	EndGlobalSection
	GlobalSection(ExtensibilityGlobals) = postSolution
		SolutionGuid = {6DA88054-4AAE-4765-9B1F-EDF4AE86B295}
	EndGlobalSection
EndGlobal
