
Microsoft Visual Studio Solution File, Format Version 12.00
# Visual Studio Version 17
VisualStudioVersion = 17.1.32414.318
MinimumVisualStudioVersion = 10.0.40219.1
Project("{FAE04EC0-301F-11D3-BF4B-00C04F79EFBC}") = "Practice16.5", "Practice16.5.csproj", "{AB592CD5-656C-4020-A837-415E3334ABBA}"
EndProject
Global
	GlobalSection(SolutionConfigurationPlatforms) = preSolution
		Debug|Any CPU = Debug|Any CPU
		Release|Any CPU = Release|Any CPU
	EndGlobalSection
	GlobalSection(ProjectConfigurationPlatforms) = postSolution
		{AB592CD5-656C-4020-A837-415E3334ABBA}.Debug|Any CPU.ActiveCfg = Debug|Any CPU
		{AB592CD5-656C-4020-A837-415E3334ABBA}.Debug|Any CPU.Build.0 = Debug|Any CPU
		{AB592CD5-656C-4020-A837-415E3334ABBA}.Release|Any CPU.ActiveCfg = Release|Any CPU
		{AB592CD5-656C-4020-A837-415E3334ABBA}.Release|Any CPU.Build.0 = Release|Any CPU
	EndGlobalSection
	GlobalSection(SolutionProperties) = preSolution
		HideSolutionNode = FALSE
	EndGlobalSection
	GlobalSection(ExtensibilityGlobals) = postSolution
		SolutionGuid = {2749B6A1-EC63-4FFC-8918-B3F74A204F7D}
	EndGlobalSection
EndGlobal
