
Microsoft Visual Studio Solution File, Format Version 12.00
# Visual Studio Version 17
VisualStudioVersion = 17.1.32414.318
MinimumVisualStudioVersion = 10.0.40219.1
Project("{FAE04EC0-301F-11D3-BF4B-00C04F79EFBC}") = "Classes_Methods_9.5", "Classes_Methods_9.5.csproj", "{BE925A11-BE95-462F-90F4-D7C190D7C7C2}"
EndProject
Global
	GlobalSection(SolutionConfigurationPlatforms) = preSolution
		Debug|Any CPU = Debug|Any CPU
		Release|Any CPU = Release|Any CPU
	EndGlobalSection
	GlobalSection(ProjectConfigurationPlatforms) = postSolution
		{BE925A11-BE95-462F-90F4-D7C190D7C7C2}.Debug|Any CPU.ActiveCfg = Debug|Any CPU
		{BE925A11-BE95-462F-90F4-D7C190D7C7C2}.Debug|Any CPU.Build.0 = Debug|Any CPU
		{BE925A11-BE95-462F-90F4-D7C190D7C7C2}.Release|Any CPU.ActiveCfg = Release|Any CPU
		{BE925A11-BE95-462F-90F4-D7C190D7C7C2}.Release|Any CPU.Build.0 = Release|Any CPU
	EndGlobalSection
	GlobalSection(SolutionProperties) = preSolution
		HideSolutionNode = FALSE
	EndGlobalSection
	GlobalSection(ExtensibilityGlobals) = postSolution
		SolutionGuid = {F284C689-5AFF-4386-81F8-CF50E4ED5D3C}
	EndGlobalSection
EndGlobal
