
Microsoft Visual Studio Solution File, Format Version 12.00
# Visual Studio Version 17
VisualStudioVersion = 17.1.32414.318
MinimumVisualStudioVersion = 10.0.40219.1
Project("{FAE04EC0-301F-11D3-BF4B-00C04F79EFBC}") = "Objects_Classes_22.5", "Objects_Classes_22.5.csproj", "{A0F09A74-2171-4A53-8E24-29DE8361C6F6}"
EndProject
Global
	GlobalSection(SolutionConfigurationPlatforms) = preSolution
		Debug|Any CPU = Debug|Any CPU
		Release|Any CPU = Release|Any CPU
	EndGlobalSection
	GlobalSection(ProjectConfigurationPlatforms) = postSolution
		{A0F09A74-2171-4A53-8E24-29DE8361C6F6}.Debug|Any CPU.ActiveCfg = Debug|Any CPU
		{A0F09A74-2171-4A53-8E24-29DE8361C6F6}.Debug|Any CPU.Build.0 = Debug|Any CPU
		{A0F09A74-2171-4A53-8E24-29DE8361C6F6}.Release|Any CPU.ActiveCfg = Release|Any CPU
		{A0F09A74-2171-4A53-8E24-29DE8361C6F6}.Release|Any CPU.Build.0 = Release|Any CPU
	EndGlobalSection
	GlobalSection(SolutionProperties) = preSolution
		HideSolutionNode = FALSE
	EndGlobalSection
	GlobalSection(ExtensibilityGlobals) = postSolution
		SolutionGuid = {4E88A01B-5562-46F8-83B1-52FEA5985FD0}
	EndGlobalSection
EndGlobal
