
Microsoft Visual Studio Solution File, Format Version 12.00
# Visual Studio Version 17
VisualStudioVersion = 17.2.32616.157
MinimumVisualStudioVersion = 10.0.40219.1
Project("{FAE04EC0-301F-11D3-BF4B-00C04F79EFBC}") = "DimitriClass", "DimitriClass\DimitriClass.csproj", "{23741298-BDAE-40B9-96CC-123C221FE58E}"
EndProject
Project("{FAE04EC0-301F-11D3-BF4B-00C04F79EFBC}") = "Logic", "Logic\Logic.csproj", "{D887C075-7C9D-4994-B115-8E9BF640073A}"
EndProject
Project("{FAE04EC0-301F-11D3-BF4B-00C04F79EFBC}") = "CalcTest", "CalcTest\CalcTest.csproj", "{26223ECA-C2B6-4BE2-89A7-8CCE78D259E0}"
EndProject
Global
	GlobalSection(SolutionConfigurationPlatforms) = preSolution
		Debug|Any CPU = Debug|Any CPU
		Release|Any CPU = Release|Any CPU
	EndGlobalSection
	GlobalSection(ProjectConfigurationPlatforms) = postSolution
		{23741298-BDAE-40B9-96CC-123C221FE58E}.Debug|Any CPU.ActiveCfg = Debug|Any CPU
		{23741298-BDAE-40B9-96CC-123C221FE58E}.Debug|Any CPU.Build.0 = Debug|Any CPU
		{23741298-BDAE-40B9-96CC-123C221FE58E}.Release|Any CPU.ActiveCfg = Release|Any CPU
		{23741298-BDAE-40B9-96CC-123C221FE58E}.Release|Any CPU.Build.0 = Release|Any CPU
		{D887C075-7C9D-4994-B115-8E9BF640073A}.Debug|Any CPU.ActiveCfg = Debug|Any CPU
		{D887C075-7C9D-4994-B115-8E9BF640073A}.Debug|Any CPU.Build.0 = Debug|Any CPU
		{D887C075-7C9D-4994-B115-8E9BF640073A}.Release|Any CPU.ActiveCfg = Release|Any CPU
		{D887C075-7C9D-4994-B115-8E9BF640073A}.Release|Any CPU.Build.0 = Release|Any CPU
		{26223ECA-C2B6-4BE2-89A7-8CCE78D259E0}.Debug|Any CPU.ActiveCfg = Debug|Any CPU
		{26223ECA-C2B6-4BE2-89A7-8CCE78D259E0}.Debug|Any CPU.Build.0 = Debug|Any CPU
		{26223ECA-C2B6-4BE2-89A7-8CCE78D259E0}.Release|Any CPU.ActiveCfg = Release|Any CPU
		{26223ECA-C2B6-4BE2-89A7-8CCE78D259E0}.Release|Any CPU.Build.0 = Release|Any CPU
	EndGlobalSection
	GlobalSection(SolutionProperties) = preSolution
		HideSolutionNode = FALSE
	EndGlobalSection
	GlobalSection(ExtensibilityGlobals) = postSolution
		SolutionGuid = {9D93C306-673C-471B-ADC7-D42847467037}
	EndGlobalSection
EndGlobal
